{
  "projects": [
    {
      "projectId": "hjKYmYi6HMwK6TRyk7ew5R",
      "version": "6.1.4",
      "dependencies": {},
      "lang": "ts",
      "fileLocks": [
        {
          "assetId": "hjKYmYi6HMwK6TRyk7ew5R",
          "type": "projectCss",
          "checksum": "ed9c389c650f2d5278a4e30bf8ea4405"
        },
        {
          "assetId": "hjKYmYi6HMwK6TRyk7ew5R",
          "checksum": "a5e2e0b0a2e5f40c2713b2640306e5ec",
          "type": "globalContexts"
        }
      ],
      "codegenVersion": "0.0.1"
    },
    {
      "projectId": "2vr9hQFY2mN9rEqhWxcPmu",
      "version": "1.0.0",
      "dependencies": {},
      "lang": "ts",
      "fileLocks": [
        {
          "assetId": "2vr9hQFY2mN9rEqhWxcPmu",
          "type": "projectCss",
          "checksum": "4daf6e0ad48579cb7f0ef1478b418993"
        },
        {
          "assetId": "2vr9hQFY2mN9rEqhWxcPmu",
          "checksum": "06dde1a591ae8757b17ee57447501a2d",
          "type": "globalContexts"
        }
      ],
      "codegenVersion": "0.0.1"
    },
    {
      "projectId": "84wxoth5npGrp6RRXPL88z",
      "version": "4.0.1",
      "dependencies": {},
      "lang": "ts",
      "fileLocks": [
        {
          "assetId": "84wxoth5npGrp6RRXPL88z",
          "type": "projectCss",
          "checksum": "01850cf01b8150d0def605021bf21183"
        },
        {
          "assetId": "84wxoth5npGrp6RRXPL88z",
          "checksum": "96a6914c3505128734b325290a18cb2c",
          "type": "globalContexts"
        }
      ],
      "codegenVersion": "0.0.1"
    },
    {
      "projectId": "58GpZjZCWTaJ8AUhpCwt2K",
      "version": "2.1.2",
      "dependencies": {},
      "lang": "ts",
      "fileLocks": [
        {
          "assetId": "58GpZjZCWTaJ8AUhpCwt2K",
          "type": "projectCss",
          "checksum": "239dd58610862b4dfa857025b1ec938d"
        }
      ],
      "codegenVersion": "0.0.1"
    },
    {
      "projectId": "szjgMQpPpxhmkjnaBvZQJG",
      "version": "1.0.4",
      "dependencies": {},
      "lang": "ts",
      "fileLocks": [
        {
          "type": "globalVariant",
          "assetId": "ckLLdnw4lO",
          "checksum": "cc55311cbf027bd3c58f035249c4481a"
        },
        {
          "assetId": "szjgMQpPpxhmkjnaBvZQJG",
          "type": "projectCss",
          "checksum": "a2ad8cb9c08860bb52a14fb79165902b"
        }
      ],
      "codegenVersion": "0.0.1"
    },
    {
      "projectId": "enk3K4vZ6pmH6kVCoZJXGn",
      "version": "3.0.2",
      "dependencies": {},
      "lang": "ts",
      "fileLocks": [
        {
          "assetId": "enk3K4vZ6pmH6kVCoZJXGn",
          "type": "projectCss",
          "checksum": "620ef238e15d23919752e86a671dd438"
        }
      ],
      "codegenVersion": "0.0.1"
    },
    {
      "projectId": "7nJ7UcFmq9UzB6eXfC5z4a",
      "version": "0.0.2",
      "dependencies": {},
      "lang": "ts",
      "fileLocks": [
        {
          "assetId": "7nJ7UcFmq9UzB6eXfC5z4a",
          "type": "projectCss",
          "checksum": "4c1bff6877f5859384c28e6ba2bc0e9d"
        }
      ],
      "codegenVersion": "0.0.1"
    },
    {
      "projectId": "r3ASNrnyvLLLAtDvzUioQ",
      "version": "3.0.0",
      "dependencies": {},
      "lang": "ts",
      "fileLocks": [
        {
          "assetId": "r3ASNrnyvLLLAtDvzUioQ",
          "type": "projectCss",
          "checksum": "d8141aa120a3c96f37aa5e000670b513"
        }
      ],
      "codegenVersion": "0.0.1"
    },
    {
      "projectId": "caTPwKxj5ZrD9LQ7DMdK4Z",
      "version": "2.2.1",
      "dependencies": {},
      "lang": "ts",
      "fileLocks": [
        {
          "type": "globalVariant",
          "assetId": "q2e6W8ulGYz",
          "checksum": "c0cddb7dd09c65236628d522d52af1a3"
        },
        {
          "assetId": "caTPwKxj5ZrD9LQ7DMdK4Z",
          "type": "projectCss",
          "checksum": "76fbdcd7e8474ef250a4b8274d17e9bb"
        }
      ],
      "codegenVersion": "0.0.1"
    },
    {
      "projectId": "7iuSa1MtYgfxVkY23CKsNe",
      "version": "latest",
      "dependencies": {
        "caTPwKxj5ZrD9LQ7DMdK4Z": "2.2.1",
        "r3ASNrnyvLLLAtDvzUioQ": "3.0.0",
        "7nJ7UcFmq9UzB6eXfC5z4a": "0.0.2",
        "enk3K4vZ6pmH6kVCoZJXGn": "3.0.2",
        "szjgMQpPpxhmkjnaBvZQJG": "1.0.4",
        "58GpZjZCWTaJ8AUhpCwt2K": "2.1.2",
        "84wxoth5npGrp6RRXPL88z": "4.0.1",
        "2vr9hQFY2mN9rEqhWxcPmu": "1.0.0",
        "hjKYmYi6HMwK6TRyk7ew5R": "6.1.4"
      },
      "lang": "ts",
      "fileLocks": [
        {
          "type": "globalVariant",
          "assetId": "22ZB8UtchRz3s",
          "checksum": "b0c65e08cb9cf3165ca8a29c4ad23088"
        },
        {
          "type": "globalVariant",
          "assetId": "x06xY1Z7yf",
          "checksum": "757cb1338e1b439aa7c4e092bd57dd65"
        },
        {
          "assetId": "7iuSa1MtYgfxVkY23CKsNe",
          "type": "projectCss",
          "checksum": "029142d21742de421f1a7277a5634e8f"
        },
        {
          "assetId": "7iuSa1MtYgfxVkY23CKsNe",
          "checksum": "bb07393dffd00a3ab91a19f02f444e1d",
          "type": "globalContexts"
        },
        {
          "type": "renderModule",
          "assetId": "iMMltyy1WGYu",
          "checksum": "bbc0401d1439b33b724e2bae78e4598f"
        },
        {
          "type": "cssRules",
          "assetId": "iMMltyy1WGYu",
          "checksum": "bbc0401d1439b33b724e2bae78e4598f"
        },
        {
          "type": "renderModule",
          "assetId": "yqtmlg7NYqV",
          "checksum": "c8ea2d93100bdaa9278e5cd2905433d0"
        },
        {
          "type": "cssRules",
          "assetId": "yqtmlg7NYqV",
          "checksum": "c8ea2d93100bdaa9278e5cd2905433d0"
        },
        {
          "type": "renderModule",
          "assetId": "IiU0zwRMTX",
          "checksum": "76d37c09512d80f2bd365769b1b5445c"
        },
        {
          "type": "cssRules",
          "assetId": "IiU0zwRMTX",
          "checksum": "76d37c09512d80f2bd365769b1b5445c"
        },
        {
          "type": "renderModule",
          "assetId": "g-GPcOLGQq",
          "checksum": "51d2618fe1a71fca46f1f36fe38daf98"
        },
        {
          "type": "cssRules",
          "assetId": "g-GPcOLGQq",
          "checksum": "51d2618fe1a71fca46f1f36fe38daf98"
        },
        {
          "type": "icon",
          "assetId": "HE_27bqwn7H",
          "checksum": "4f71579414e1ee626452127c1999af9d"
        },
        {
          "type": "icon",
          "assetId": "Y45Cq3CN4lF",
          "checksum": "092478cb0c683df0d8feff57574a2769"
        },
        {
          "type": "icon",
          "assetId": "MQpoDb7OWAs",
          "checksum": "8cde7ad9b92eb8adb6e8a2d1d6f2a286"
        },
        {
          "type": "icon",
          "assetId": "lA3ZF7ASXV-",
          "checksum": "a2debc5688e8a70610b0c4f73cfbe0b1"
        },
        {
          "type": "icon",
          "assetId": "BrTSIF8bz_5",
          "checksum": "5595d9acfaf0f0f537b7781e7fa4b04a"
        },
        {
          "type": "icon",
          "assetId": "nYpSZLj3pX",
          "checksum": "00cc4f5f1b5199eb7d0c911f7c71d63e"
        },
        {
          "type": "image",
          "assetId": "SW_G7Buu6K",
          "checksum": "e1fe6f28807b1cf4786035711c75ff90"
        },
        {
          "type": "image",
          "assetId": "-tR6orHn62z",
          "checksum": "b9c0e4af7016c7cedcc522b1d041cf5a"
        },
        {
          "type": "image",
          "assetId": "5s-bCk-8EAC",
          "checksum": "f400995b7387c512fc41031492e299e7"
        },
        {
          "type": "image",
          "assetId": "bzelNANt-uw",
          "checksum": "884e922ac8884015d1babc40ff934480"
        },
        {
          "type": "image",
          "assetId": "CE04HS7J1wg",
          "checksum": "8234ef0eb8b7889a08e2092cf57117c0"
        },
        {
          "type": "image",
          "assetId": "SSBBGbxJMzk",
          "checksum": "c333a83c77a67b9bd1d0e1305b0f626f"
        },
        {
          "type": "image",
          "assetId": "f2LCc8eGUh6",
          "checksum": "5611db4904a12ef38839cd56c4d48bce"
        },
        {
          "type": "image",
          "assetId": "kOYw-vMyjJG",
          "checksum": "16bea062e253cfa547bcb49878fd3e64"
        },
        {
          "type": "image",
          "assetId": "kzQuhlY8jYx5",
          "checksum": "9d58aabcd69d8b3357705d5e475b1611"
        },
        {
          "type": "image",
          "assetId": "A7w6cGdWeSn2",
          "checksum": "e11ed169c51b33ec3d7ceea666e5054f"
        },
        {
          "type": "image",
          "assetId": "c3MQ4b97OxqI",
          "checksum": "c0d58648a6ef101ef4cf78c8eee03c2b"
        },
        {
          "type": "image",
          "assetId": "7aBg6LfeatO8",
          "checksum": "3f4e232cd91b6d54035f17bde029d67b"
        },
        {
          "type": "image",
          "assetId": "Dp_lwziceYkP",
          "checksum": "24b5f30364c597d924110a1441b7fd76"
        }
      ],
      "codegenVersion": "0.0.1"
    }
  ],
  "cliVersion": "0.1.182"
}
